<?xml version="1.0" encoding="utf-8"?>
<Project ToolsVersion="4.0" xmlns="http://schemas.microsoft.com/developer/msbuild/2003">
  <ItemGroup>
    <Filter Include="Source Files">
      <UniqueIdentifier>{4FC737F1-C7A5-4376-A066-2A32D752A2FF}</UniqueIdentifier>
      <Extensions>cpp;c;cc;cxx;def;odl;idl;hpj;bat;asm;asmx</Extensions>
    </Filter>
    <Filter Include="Header Files">
      <UniqueIdentifier>{93995380-89BD-4b04-88EB-625FBE52EBFB}</UniqueIdentifier>
      <Extensions>h;hh;hpp;hxx;hm;inl;inc;ipp;xsd</Extensions>
    </Filter>
    <Filter Include="Resource Files">
      <UniqueIdentifier>{67DA6AB6-F800-4c08-8B7A-83BB121AAD01}</UniqueIdentifier>
      <Extensions>rc;ico;cur;bmp;dlg;rc2;rct;bin;rgs;gif;jpg;jpeg;jpe;resx;tiff;tif;png;wav;mfcribbon-ms</Extensions>
    </Filter>
    <Filter Include="Source Files\ffplay">
      <UniqueIdentifier>{5ceaec42-b029-491d-88b7-822b025b133d}</UniqueIdentifier>
    </Filter>
    <Filter Include="Source Files\progressbar">
      <UniqueIdentifier>{02af5d35-ada3-43db-8301-106069cf2efc}</UniqueIdentifier>
    </Filter>
  </ItemGroup>
  <ItemGroup>
    <ClInclude Include="..\ffplay\cmdutils.h">
      <Filter>Source Files\ffplay</Filter>
    </ClInclude>
    <ClInclude Include="..\ffplay\config.h">
      <Filter>Source Files\ffplay</Filter>
    </ClInclude>
    <ClInclude Include="..\ffplay\ffplay.h">
      <Filter>Source Files\ffplay</Filter>
    </ClInclude>
    <ClInclude Include="..\progressbar\progressbar.h">
      <Filter>Source Files\progressbar</Filter>
    </ClInclude>
    <ClInclude Include="..\progressbar\statusbar.h">
      <Filter>Source Files\progressbar</Filter>
    </ClInclude>
    <ClInclude Include="..\progressbar\termcap.h">
      <Filter>Source Files\progressbar</Filter>
    </ClInclude>
    <ClInclude Include="ConsoleMediaPlayer.h">
      <Filter>Header Files</Filter>
    </ClInclude>
    <ClInclude Include="resource.h">
      <Filter>Header Files</Filter>
    </ClInclude>
  </ItemGroup>
  <ItemGroup>
    <ClCompile Include="ConsoleMediaPlayer.cpp">
      <Filter>Source Files</Filter>
    </ClCompile>
    <ClCompile Include="..\ffplay\cmdutils.c">
      <Filter>Source Files\ffplay</Filter>
    </ClCompile>
    <ClCompile Include="..\ffplay\dce_defs.c">
      <Filter>Source Files\ffplay</Filter>
    </ClCompile>
    <ClCompile Include="..\ffplay\ffplay.c">
      <Filter>Source Files\ffplay</Filter>
    </ClCompile>
    <ClCompile Include="..\progressbar\progressbar.c">
      <Filter>Source Files\progressbar</Filter>
    </ClCompile>
    <ClCompile Include="..\progressbar\statusbar.c">
      <Filter>Source Files\progressbar</Filter>
    </ClCompile>
    <ClCompile Include="..\progressbar\termcap.c">
      <Filter>Source Files\progressbar</Filter>
    </ClCompile>
  </ItemGroup>
  <ItemGroup>
    <ResourceCompile Include="ConsoleMediaPlayer.rc">
      <Filter>Resource Files</Filter>
    </ResourceCompile>
  </ItemGroup>
  <ItemGroup>
    <Image Include="ConsoleMediaPlayer.ico">
      <Filter>Resource Files</Filter>
    </Image>
  </ItemGroup>
</Project>